
Microsoft Visual Studio Solution File, Format Version 12.00
# Visual Studio Version 17
VisualStudioVersion = 17.9.34607.119
MinimumVisualStudioVersion = 10.0.40219.1
Project("{FAE04EC0-301F-11D3-BF4B-00C04F79EFBC}") = "CoffeeAndCake", "CoffeeAndCake\CoffeeAndCake.csproj", "{341CD0C0-6AEF-4D0E-BD3F-5EDE2D7E6E02}"
EndProject
Global
	GlobalSection(SolutionConfigurationPlatforms) = preSolution
		Debug|Any CPU = Debug|Any CPU
		Release|Any CPU = Release|Any CPU
	EndGlobalSection
	GlobalSection(ProjectConfigurationPlatforms) = postSolution
		{341CD0C0-6AEF-4D0E-BD3F-5EDE2D7E6E02}.Debug|Any CPU.ActiveCfg = Debug|Any CPU
		{341CD0C0-6AEF-4D0E-BD3F-5EDE2D7E6E02}.Debug|Any CPU.Build.0 = Debug|Any CPU
		{341CD0C0-6AEF-4D0E-BD3F-5EDE2D7E6E02}.Release|Any CPU.ActiveCfg = Release|Any CPU
		{341CD0C0-6AEF-4D0E-BD3F-5EDE2D7E6E02}.Release|Any CPU.Build.0 = Release|Any CPU
	EndGlobalSection
	GlobalSection(SolutionProperties) = preSolution
		HideSolutionNode = FALSE
	EndGlobalSection
	GlobalSection(ExtensibilityGlobals) = postSolution
		SolutionGuid = {7763C545-2C67-4F9A-A62C-E95BD409639E}
	EndGlobalSection
EndGlobal
